[[package]]
name = "formality"
version = "0.1.0"
dependencies = [
 "symmetric-interaction-calculus 0.1.2 (registry+https://github.com/rust-lang/crates.io-index)",
]

[[package]]
name = "symmetric-interaction-calculus"
version = "0.1.2"
source = "registry+https://github.com/rust-lang/crates.io-index"

[metadata]
"checksum symmetric-interaction-calculus 0.1.2 (registry+https://github.com/rust-lang/crates.io-index)" = "3745b7a5e2f0a4791c15e2c70e8bc4a122ff4786d60863558293c71540e7df36"
